
Microsoft Visual Studio Solution File, Format Version 12.00
# Visual Studio Version 16
VisualStudioVersion = 16.0.31605.320
MinimumVisualStudioVersion = 10.0.40219.1
Project("{9A19103F-16F7-4668-BE54-9A1E7A4F7556}") = "shopping-web", "shopping-web.csproj", "{4242341D-80F7-4435-85E4-B71D12E2A7D6}"
EndProject
Project("{9A19103F-16F7-4668-BE54-9A1E7A4F7556}") = "Redlock-Csharp", "..\..\src\Redlock-Csharp\Redlock-Csharp.csproj", "{ECF0FA3F-7398-4456-998B-A8A30F349A88}"
EndProject
Global
	GlobalSection(SolutionConfigurationPlatforms) = preSolution
		Debug|Any CPU = Debug|Any CPU
		Release|Any CPU = Release|Any CPU
	EndGlobalSection
	GlobalSection(ProjectConfigurationPlatforms) = postSolution
		{4242341D-80F7-4435-85E4-B71D12E2A7D6}.Debug|Any CPU.ActiveCfg = Debug|Any CPU
		{4242341D-80F7-4435-85E4-B71D12E2A7D6}.Debug|Any CPU.Build.0 = Debug|Any CPU
		{4242341D-80F7-4435-85E4-B71D12E2A7D6}.Release|Any CPU.ActiveCfg = Release|Any CPU
		{4242341D-80F7-4435-85E4-B71D12E2A7D6}.Release|Any CPU.Build.0 = Release|Any CPU
		{ECF0FA3F-7398-4456-998B-A8A30F349A88}.Debug|Any CPU.ActiveCfg = Debug|Any CPU
		{ECF0FA3F-7398-4456-998B-A8A30F349A88}.Debug|Any CPU.Build.0 = Debug|Any CPU
		{ECF0FA3F-7398-4456-998B-A8A30F349A88}.Release|Any CPU.ActiveCfg = Release|Any CPU
		{ECF0FA3F-7398-4456-998B-A8A30F349A88}.Release|Any CPU.Build.0 = Release|Any CPU
	EndGlobalSection
	GlobalSection(SolutionProperties) = preSolution
		HideSolutionNode = FALSE
	EndGlobalSection
	GlobalSection(ExtensibilityGlobals) = postSolution
		SolutionGuid = {B68CE614-260A-42CD-9FB6-55B6FF9B8BB9}
	EndGlobalSection
EndGlobal
